
Microsoft Visual Studio Solution File, Format Version 12.00
# Visual Studio Version 16
VisualStudioVersion = 16.0.31205.134
MinimumVisualStudioVersion = 10.0.40219.1
Project("{FAE04EC0-301F-11D3-BF4B-00C04F79EFBC}") = "Diamantes24-06-2021", "Diamantes24-06-2021.csproj", "{361F366F-9DC5-43D5-94FC-E0464863B873}"
EndProject
Project("{FAE04EC0-301F-11D3-BF4B-00C04F79EFBC}") = "Diamante.Testes", "Diamante.Testes\Diamante.Testes.csproj", "{D36CAC14-C24E-4D44-AE22-BDD7F588DE8E}"
EndProject
Global
	GlobalSection(SolutionConfigurationPlatforms) = preSolution
		Debug|Any CPU = Debug|Any CPU
		Release|Any CPU = Release|Any CPU
	EndGlobalSection
	GlobalSection(ProjectConfigurationPlatforms) = postSolution
		{361F366F-9DC5-43D5-94FC-E0464863B873}.Debug|Any CPU.ActiveCfg = Debug|Any CPU
		{361F366F-9DC5-43D5-94FC-E0464863B873}.Debug|Any CPU.Build.0 = Debug|Any CPU
		{361F366F-9DC5-43D5-94FC-E0464863B873}.Release|Any CPU.ActiveCfg = Release|Any CPU
		{361F366F-9DC5-43D5-94FC-E0464863B873}.Release|Any CPU.Build.0 = Release|Any CPU
		{D36CAC14-C24E-4D44-AE22-BDD7F588DE8E}.Debug|Any CPU.ActiveCfg = Debug|Any CPU
		{D36CAC14-C24E-4D44-AE22-BDD7F588DE8E}.Debug|Any CPU.Build.0 = Debug|Any CPU
		{D36CAC14-C24E-4D44-AE22-BDD7F588DE8E}.Release|Any CPU.ActiveCfg = Release|Any CPU
		{D36CAC14-C24E-4D44-AE22-BDD7F588DE8E}.Release|Any CPU.Build.0 = Release|Any CPU
	EndGlobalSection
	GlobalSection(SolutionProperties) = preSolution
		HideSolutionNode = FALSE
	EndGlobalSection
	GlobalSection(ExtensibilityGlobals) = postSolution
		SolutionGuid = {CDF4DD49-6343-41E7-AE9B-7C49CE4FF2C8}
	EndGlobalSection
EndGlobal
